{
	"name": "custom-vite",
	"version": "1.0.0",
	"lockfileVersion": 1,
	"requires": true,
	"dependencies": {
		"@esbuild/android-arm": {
			"version": "0.19.9",
			"resolved": "https://registry.npmmirror.com/@esbuild/android-arm/-/android-arm-0.19.9.tgz",
			"integrity": "sha512-jkYjjq7SdsWuNI6b5quymW0oC83NN5FdRPuCbs9HZ02mfVdAP8B8eeqLSYU3gb6OJEaY5CQabtTFbqBf26H3GA==",
			"optional": true
		},
		"@esbuild/android-arm64": {
			"version": "0.19.9",
			"resolved": "https://registry.npmmirror.com/@esbuild/android-arm64/-/android-arm64-0.19.9.tgz",
			"integrity": "sha512-q4cR+6ZD0938R19MyEW3jEsMzbb/1rulLXiNAJQADD/XYp7pT+rOS5JGxvpRW8dFDEfjW4wLgC/3FXIw4zYglQ==",
			"optional": true
		},
		"@esbuild/android-x64": {
			"version": "0.19.9",
			"resolved": "https://registry.npmmirror.com/@esbuild/android-x64/-/android-x64-0.19.9.tgz",
			"integrity": "sha512-KOqoPntWAH6ZxDwx1D6mRntIgZh9KodzgNOy5Ebt9ghzffOk9X2c1sPwtM9P+0eXbefnDhqYfkh5PLP5ULtWFA==",
			"optional": true
		},
		"@esbuild/darwin-arm64": {
			"version": "0.19.9",
			"resolved": "https://registry.npmmirror.com/@esbuild/darwin-arm64/-/darwin-arm64-0.19.9.tgz",
			"integrity": "sha512-KBJ9S0AFyLVx2E5D8W0vExqRW01WqRtczUZ8NRu+Pi+87opZn5tL4Y0xT0mA4FtHctd0ZgwNoN639fUUGlNIWw==",
			"optional": true
		},
		"@esbuild/darwin-x64": {
			"version": "0.19.9",
			"resolved": "https://registry.npmmirror.com/@esbuild/darwin-x64/-/darwin-x64-0.19.9.tgz",
			"integrity": "sha512-vE0VotmNTQaTdX0Q9dOHmMTao6ObjyPm58CHZr1UK7qpNleQyxlFlNCaHsHx6Uqv86VgPmR4o2wdNq3dP1qyDQ==",
			"optional": true
		},
		"@esbuild/freebsd-arm64": {
			"version": "0.19.9",
			"resolved": "https://registry.npmmirror.com/@esbuild/freebsd-arm64/-/freebsd-arm64-0.19.9.tgz",
			"integrity": "sha512-uFQyd/o1IjiEk3rUHSwUKkqZwqdvuD8GevWF065eqgYfexcVkxh+IJgwTaGZVu59XczZGcN/YMh9uF1fWD8j1g==",
			"optional": true
		},
		"@esbuild/freebsd-x64": {
			"version": "0.19.9",
			"resolved": "https://registry.npmmirror.com/@esbuild/freebsd-x64/-/freebsd-x64-0.19.9.tgz",
			"integrity": "sha512-WMLgWAtkdTbTu1AWacY7uoj/YtHthgqrqhf1OaEWnZb7PQgpt8eaA/F3LkV0E6K/Lc0cUr/uaVP/49iE4M4asA==",
			"optional": true
		},
		"@esbuild/linux-arm": {
			"version": "0.19.9",
			"resolved": "https://registry.npmmirror.com/@esbuild/linux-arm/-/linux-arm-0.19.9.tgz",
			"integrity": "sha512-C/ChPohUYoyUaqn1h17m/6yt6OB14hbXvT8EgM1ZWaiiTYz7nWZR0SYmMnB5BzQA4GXl3BgBO1l8MYqL/He3qw==",
			"optional": true
		},
		"@esbuild/linux-arm64": {
			"version": "0.19.9",
			"resolved": "https://registry.npmmirror.com/@esbuild/linux-arm64/-/linux-arm64-0.19.9.tgz",
			"integrity": "sha512-PiPblfe1BjK7WDAKR1Cr9O7VVPqVNpwFcPWgfn4xu0eMemzRp442hXyzF/fSwgrufI66FpHOEJk0yYdPInsmyQ==",
			"optional": true
		},
		"@esbuild/linux-ia32": {
			"version": "0.19.9",
			"resolved": "https://registry.npmmirror.com/@esbuild/linux-ia32/-/linux-ia32-0.19.9.tgz",
			"integrity": "sha512-f37i/0zE0MjDxijkPSQw1CO/7C27Eojqb+r3BbHVxMLkj8GCa78TrBZzvPyA/FNLUMzP3eyHCVkAopkKVja+6Q==",
			"optional": true
		},
		"@esbuild/linux-loong64": {
			"version": "0.19.9",
			"resolved": "https://registry.npmmirror.com/@esbuild/linux-loong64/-/linux-loong64-0.19.9.tgz",
			"integrity": "sha512-t6mN147pUIf3t6wUt3FeumoOTPfmv9Cc6DQlsVBpB7eCpLOqQDyWBP1ymXn1lDw4fNUSb/gBcKAmvTP49oIkaA==",
			"optional": true
		},
		"@esbuild/linux-mips64el": {
			"version": "0.19.9",
			"resolved": "https://registry.npmmirror.com/@esbuild/linux-mips64el/-/linux-mips64el-0.19.9.tgz",
			"integrity": "sha512-jg9fujJTNTQBuDXdmAg1eeJUL4Jds7BklOTkkH80ZgQIoCTdQrDaHYgbFZyeTq8zbY+axgptncko3v9p5hLZtw==",
			"optional": true
		},
		"@esbuild/linux-ppc64": {
			"version": "0.19.9",
			"resolved": "https://registry.npmmirror.com/@esbuild/linux-ppc64/-/linux-ppc64-0.19.9.tgz",
			"integrity": "sha512-tkV0xUX0pUUgY4ha7z5BbDS85uI7ABw3V1d0RNTii7E9lbmV8Z37Pup2tsLV46SQWzjOeyDi1Q7Wx2+QM8WaCQ==",
			"optional": true
		},
		"@esbuild/linux-riscv64": {
			"version": "0.19.9",
			"resolved": "https://registry.npmmirror.com/@esbuild/linux-riscv64/-/linux-riscv64-0.19.9.tgz",
			"integrity": "sha512-DfLp8dj91cufgPZDXr9p3FoR++m3ZJ6uIXsXrIvJdOjXVREtXuQCjfMfvmc3LScAVmLjcfloyVtpn43D56JFHg==",
			"optional": true
		},
		"@esbuild/linux-s390x": {
			"version": "0.19.9",
			"resolved": "https://registry.npmmirror.com/@esbuild/linux-s390x/-/linux-s390x-0.19.9.tgz",
			"integrity": "sha512-zHbglfEdC88KMgCWpOl/zc6dDYJvWGLiUtmPRsr1OgCViu3z5GncvNVdf+6/56O2Ca8jUU+t1BW261V6kp8qdw==",
			"optional": true
		},
		"@esbuild/linux-x64": {
			"version": "0.19.9",
			"resolved": "https://registry.npmmirror.com/@esbuild/linux-x64/-/linux-x64-0.19.9.tgz",
			"integrity": "sha512-JUjpystGFFmNrEHQnIVG8hKwvA2DN5o7RqiO1CVX8EN/F/gkCjkUMgVn6hzScpwnJtl2mPR6I9XV1oW8k9O+0A==",
			"optional": true
		},
		"@esbuild/netbsd-x64": {
			"version": "0.19.9",
			"resolved": "https://registry.npmmirror.com/@esbuild/netbsd-x64/-/netbsd-x64-0.19.9.tgz",
			"integrity": "sha512-GThgZPAwOBOsheA2RUlW5UeroRfESwMq/guy8uEe3wJlAOjpOXuSevLRd70NZ37ZrpO6RHGHgEHvPg1h3S1Jug==",
			"optional": true
		},
		"@esbuild/openbsd-x64": {
			"version": "0.19.9",
			"resolved": "https://registry.npmmirror.com/@esbuild/openbsd-x64/-/openbsd-x64-0.19.9.tgz",
			"integrity": "sha512-Ki6PlzppaFVbLnD8PtlVQfsYw4S9n3eQl87cqgeIw+O3sRr9IghpfSKY62mggdt1yCSZ8QWvTZ9jo9fjDSg9uw==",
			"optional": true
		},
		"@esbuild/sunos-x64": {
			"version": "0.19.9",
			"resolved": "https://registry.npmmirror.com/@esbuild/sunos-x64/-/sunos-x64-0.19.9.tgz",
			"integrity": "sha512-MLHj7k9hWh4y1ddkBpvRj2b9NCBhfgBt3VpWbHQnXRedVun/hC7sIyTGDGTfsGuXo4ebik2+3ShjcPbhtFwWDw==",
			"optional": true
		},
		"@esbuild/win32-arm64": {
			"version": "0.19.9",
			"resolved": "https://registry.npmmirror.com/@esbuild/win32-arm64/-/win32-arm64-0.19.9.tgz",
			"integrity": "sha512-GQoa6OrQ8G08guMFgeXPH7yE/8Dt0IfOGWJSfSH4uafwdC7rWwrfE6P9N8AtPGIjUzdo2+7bN8Xo3qC578olhg==",
			"optional": true
		},
		"@esbuild/win32-ia32": {
			"version": "0.19.9",
			"resolved": "https://registry.npmmirror.com/@esbuild/win32-ia32/-/win32-ia32-0.19.9.tgz",
			"integrity": "sha512-UOozV7Ntykvr5tSOlGCrqU3NBr3d8JqPes0QWN2WOXfvkWVGRajC+Ym0/Wj88fUgecUCLDdJPDF0Nna2UK3Qtg==",
			"optional": true
		},
		"@esbuild/win32-x64": {
			"version": "0.19.9",
			"resolved": "https://registry.npmmirror.com/@esbuild/win32-x64/-/win32-x64-0.19.9.tgz",
			"integrity": "sha512-oxoQgglOP7RH6iasDrhY+R/3cHrfwIDvRlT4CGChflq6twk8iENeVvMJjmvBb94Ik1Z+93iGO27err7w6l54GQ==",
			"optional": true
		},
		"connect": {
			"version": "3.7.0",
			"resolved": "https://registry.npmmirror.com/connect/-/connect-3.7.0.tgz",
			"integrity": "sha512-ZqRXc+tZukToSNmh5C2iWMSoV3X1YUcPbqEM4DkEG5tNQXrQUZCNVGGv3IuicnkMtPfGf3Xtp8WCXs295iQ1pQ==",
			"requires": {
				"debug": "2.6.9",
				"finalhandler": "1.1.2",
				"parseurl": "~1.3.3",
				"utils-merge": "1.0.1"
			}
		},
		"debug": {
			"version": "2.6.9",
			"resolved": "https://registry.npmmirror.com/debug/-/debug-2.6.9.tgz",
			"integrity": "sha512-bC7ElrdJaJnPbAP+1EotYvqZsb3ecl5wi6Bfi6BJTUcNowp6cvspg0jXznRTKDjm/E7AdgFBVeAPVMNcKGsHMA==",
			"requires": {
				"ms": "2.0.0"
			}
		},
		"depd": {
			"version": "2.0.0",
			"resolved": "https://registry.npmmirror.com/depd/-/depd-2.0.0.tgz",
			"integrity": "sha512-g7nH6P6dyDioJogAAGprGpCtVImJhpPk/roCzdb3fIh61/s/nPsfR6onyMwkCAR/OlC3yBC0lESvUoQEAssIrw=="
		},
		"destroy": {
			"version": "1.2.0",
			"resolved": "https://registry.npmmirror.com/destroy/-/destroy-1.2.0.tgz",
			"integrity": "sha512-2sJGJTaXIIaR1w4iJSNoN0hnMY7Gpc/n8D4qSCJw8QqFWXf7cuAgnEHxBpweaVcPevC2l3KpjYCx3NypQQgaJg=="
		},
		"ee-first": {
			"version": "1.1.1",
			"resolved": "https://registry.npmmirror.com/ee-first/-/ee-first-1.1.1.tgz",
			"integrity": "sha512-WMwm9LhRUo+WUaRN+vRuETqG89IgZphVSNkdFgeb6sS/E4OrDIN7t48CAewSHXc6C8lefD8KKfr5vY61brQlow=="
		},
		"encodeurl": {
			"version": "1.0.2",
			"resolved": "https://registry.npmmirror.com/encodeurl/-/encodeurl-1.0.2.tgz",
			"integrity": "sha512-TPJXq8JqFaVYm2CWmPvnP2Iyo4ZSM7/QKcSmuMLDObfpH5fi7RUGmd/rTDf+rut/saiDiQEeVTNgAmJEdAOx0w=="
		},
		"esbuild": {
			"version": "0.19.9",
			"resolved": "https://registry.npmmirror.com/esbuild/-/esbuild-0.19.9.tgz",
			"integrity": "sha512-U9CHtKSy+EpPsEBa+/A2gMs/h3ylBC0H0KSqIg7tpztHerLi6nrrcoUJAkNCEPumx8yJ+Byic4BVwHgRbN0TBg==",
			"requires": {
				"@esbuild/android-arm": "0.19.9",
				"@esbuild/android-arm64": "0.19.9",
				"@esbuild/android-x64": "0.19.9",
				"@esbuild/darwin-arm64": "0.19.9",
				"@esbuild/darwin-x64": "0.19.9",
				"@esbuild/freebsd-arm64": "0.19.9",
				"@esbuild/freebsd-x64": "0.19.9",
				"@esbuild/linux-arm": "0.19.9",
				"@esbuild/linux-arm64": "0.19.9",
				"@esbuild/linux-ia32": "0.19.9",
				"@esbuild/linux-loong64": "0.19.9",
				"@esbuild/linux-mips64el": "0.19.9",
				"@esbuild/linux-ppc64": "0.19.9",
				"@esbuild/linux-riscv64": "0.19.9",
				"@esbuild/linux-s390x": "0.19.9",
				"@esbuild/linux-x64": "0.19.9",
				"@esbuild/netbsd-x64": "0.19.9",
				"@esbuild/openbsd-x64": "0.19.9",
				"@esbuild/sunos-x64": "0.19.9",
				"@esbuild/win32-arm64": "0.19.9",
				"@esbuild/win32-ia32": "0.19.9",
				"@esbuild/win32-x64": "0.19.9"
			}
		},
		"escape-html": {
			"version": "1.0.3",
			"resolved": "https://registry.npmmirror.com/escape-html/-/escape-html-1.0.3.tgz",
			"integrity": "sha512-NiSupZ4OeuGwr68lGIeym/ksIZMJodUGOSCZ/FSnTxcrekbvqrgdUxlJOMpijaKZVjAJrWrGs/6Jy8OMuyj9ow=="
		},
		"etag": {
			"version": "1.8.1",
			"resolved": "https://registry.npmmirror.com/etag/-/etag-1.8.1.tgz",
			"integrity": "sha512-aIL5Fx7mawVa300al2BnEE4iNvo1qETxLrPI/o05L7z6go7fCw1J6EQmbK4FmJ2AS7kgVF/KEZWufBfdClMcPg=="
		},
		"finalhandler": {
			"version": "1.1.2",
			"resolved": "https://registry.npmmirror.com/finalhandler/-/finalhandler-1.1.2.tgz",
			"integrity": "sha512-aAWcW57uxVNrQZqFXjITpW3sIUQmHGG3qSb9mUah9MgMC4NeWhNOlNjXEYq3HjRAvL6arUviZGGJsBg6z0zsWA==",
			"requires": {
				"debug": "2.6.9",
				"encodeurl": "~1.0.2",
				"escape-html": "~1.0.3",
				"on-finished": "~2.3.0",
				"parseurl": "~1.3.3",
				"statuses": "~1.5.0",
				"unpipe": "~1.0.0"
			}
		},
		"fresh": {
			"version": "0.5.2",
			"resolved": "https://registry.npmmirror.com/fresh/-/fresh-0.5.2.tgz",
			"integrity": "sha512-zJ2mQYM18rEFOudeV4GShTGIQ7RbzA7ozbU9I/XBpm7kqgMywgmylMwXHxZJmkVoYkna9d2pVXVXPdYTP9ej8Q=="
		},
		"function-bind": {
			"version": "1.1.2",
			"resolved": "https://registry.npmmirror.com/function-bind/-/function-bind-1.1.2.tgz",
			"integrity": "sha512-7XHNxH7qX9xG5mIwxkhumTox/MIRNcOgDrxWsMt2pAr23WHp6MrRlN7FBSFpCpr+oVO0F744iUgR82nJMfG2SA=="
		},
		"hasown": {
			"version": "2.0.0",
			"resolved": "https://registry.npmmirror.com/hasown/-/hasown-2.0.0.tgz",
			"integrity": "sha512-vUptKVTpIJhcczKBbgnS+RtcuYMB8+oNzPK2/Hp3hanz8JmpATdmmgLgSaadVREkDm+e2giHwY3ZRkyjSIDDFA==",
			"requires": {
				"function-bind": "^1.1.2"
			}
		},
		"http-errors": {
			"version": "2.0.0",
			"resolved": "https://registry.npmmirror.com/http-errors/-/http-errors-2.0.0.tgz",
			"integrity": "sha512-FtwrG/euBzaEjYeRqOgly7G0qviiXoJWnvEH2Z1plBdXgbyjv34pHTSb9zoeHMyDy33+DWy5Wt9Wo+TURtOYSQ==",
			"requires": {
				"depd": "2.0.0",
				"inherits": "2.0.4",
				"setprototypeof": "1.2.0",
				"statuses": "2.0.1",
				"toidentifier": "1.0.1"
			},
			"dependencies": {
				"statuses": {
					"version": "2.0.1",
					"resolved": "https://registry.npmmirror.com/statuses/-/statuses-2.0.1.tgz",
					"integrity": "sha512-RwNA9Z/7PrK06rYLIzFMlaF+l73iwpzsqRIFgbMLbTcLD6cOao82TaWefPXQvB2fOC4AjuYSEndS7N/mTCbkdQ=="
				}
			}
		},
		"inherits": {
			"version": "2.0.4",
			"resolved": "https://registry.npmmirror.com/inherits/-/inherits-2.0.4.tgz",
			"integrity": "sha512-k/vGaX4/Yla3WzyMCvTQOXYeIHvqOKtnqBduzTHpzpQZzAskKMhZ2K+EnBiSM9zGSoIFeMpXKxa4dYeZIQqewQ=="
		},
		"is-core-module": {
			"version": "2.13.1",
			"resolved": "https://registry.npmmirror.com/is-core-module/-/is-core-module-2.13.1.tgz",
			"integrity": "sha512-hHrIjvZsftOsvKSn2TRYl63zvxsgE0K+0mYMoH6gD4omR5IWB2KynivBQczo3+wF1cCkjzvptnI9Q0sPU66ilw==",
			"requires": {
				"hasown": "^2.0.0"
			}
		},
		"mime": {
			"version": "1.6.0",
			"resolved": "https://registry.npmmirror.com/mime/-/mime-1.6.0.tgz",
			"integrity": "sha512-x0Vn8spI+wuJ1O6S7gnbaQg8Pxh4NNHb7KSINmEWKiPE4RKOplvijn+NkmYmmRgP68mc70j2EbeTFRsrswaQeg=="
		},
		"ms": {
			"version": "2.0.0",
			"resolved": "https://registry.npmmirror.com/ms/-/ms-2.0.0.tgz",
			"integrity": "sha512-Tpp60P6IUJDTuOq/5Z8cdskzJujfwqfOTkrwIwj7IRISpnkJnT6SyJ4PCPnGMoFjC9ddhal5KVIYtAt97ix05A=="
		},
		"on-finished": {
			"version": "2.3.0",
			"resolved": "https://registry.npmmirror.com/on-finished/-/on-finished-2.3.0.tgz",
			"integrity": "sha512-ikqdkGAAyf/X/gPhXGvfgAytDZtDbr+bkNUJ0N9h5MI/dmdgCs3l6hoHrcUv41sRKew3jIwrp4qQDXiK99Utww==",
			"requires": {
				"ee-first": "1.1.1"
			}
		},
		"parseurl": {
			"version": "1.3.3",
			"resolved": "https://registry.npmmirror.com/parseurl/-/parseurl-1.3.3.tgz",
			"integrity": "sha512-CiyeOxFT/JZyN5m0z9PfXw4SCBJ6Sygz1Dpl0wqjlhDEGGBP1GnsUVEL0p63hoG1fcj3fHynXi9NYO4nWOL+qQ=="
		},
		"path-parse": {
			"version": "1.0.7",
			"resolved": "https://registry.npmmirror.com/path-parse/-/path-parse-1.0.7.tgz",
			"integrity": "sha512-LDJzPVEEEPR+y48z93A0Ed0yXb8pAByGWo/k5YYdYgpY2/2EsOsksJrq7lOHxryrVOn1ejG6oAp8ahvOIQD8sw=="
		},
		"range-parser": {
			"version": "1.2.1",
			"resolved": "https://registry.npmmirror.com/range-parser/-/range-parser-1.2.1.tgz",
			"integrity": "sha512-Hrgsx+orqoygnmhFbKaHE6c296J+HTAQXoxEF6gNupROmmGJRoyzfG3ccAveqCBrwr/2yxQ5BVd/GTl5agOwSg=="
		},
		"resolve": {
			"version": "1.22.8",
			"resolved": "https://registry.npmmirror.com/resolve/-/resolve-1.22.8.tgz",
			"integrity": "sha512-oKWePCxqpd6FlLvGV1VU0x7bkPmmCNolxzjMf4NczoDnQcIWrAF+cPtZn5i6n+RfD2d9i0tzpKnG6Yk168yIyw==",
			"requires": {
				"is-core-module": "^2.13.0",
				"path-parse": "^1.0.7",
				"supports-preserve-symlinks-flag": "^1.0.0"
			}
		},
		"send": {
			"version": "0.18.0",
			"resolved": "https://registry.npmmirror.com/send/-/send-0.18.0.tgz",
			"integrity": "sha512-qqWzuOjSFOuqPjFe4NOsMLafToQQwBSOEpS+FwEt3A2V3vKubTquT3vmLTQpFgMXp8AlFWFuP1qKaJZOtPpVXg==",
			"requires": {
				"debug": "2.6.9",
				"depd": "2.0.0",
				"destroy": "1.2.0",
				"encodeurl": "~1.0.2",
				"escape-html": "~1.0.3",
				"etag": "~1.8.1",
				"fresh": "0.5.2",
				"http-errors": "2.0.0",
				"mime": "1.6.0",
				"ms": "2.1.3",
				"on-finished": "2.4.1",
				"range-parser": "~1.2.1",
				"statuses": "2.0.1"
			},
			"dependencies": {
				"ms": {
					"version": "2.1.3",
					"resolved": "https://registry.npmmirror.com/ms/-/ms-2.1.3.tgz",
					"integrity": "sha512-6FlzubTLZG3J2a/NVCAleEhjzq5oxgHyaCU9yYXvcLsvoVaHJq/s5xXI6/XXP6tz7R9xAOtHnSO/tXtF3WRTlA=="
				},
				"on-finished": {
					"version": "2.4.1",
					"resolved": "https://registry.npmmirror.com/on-finished/-/on-finished-2.4.1.tgz",
					"integrity": "sha512-oVlzkg3ENAhCk2zdv7IJwd/QUD4z2RxRwpkcGY8psCVcCYZNq4wYnVWALHM+brtuJjePWiYF/ClmuDr8Ch5+kg==",
					"requires": {
						"ee-first": "1.1.1"
					}
				},
				"statuses": {
					"version": "2.0.1",
					"resolved": "https://registry.npmmirror.com/statuses/-/statuses-2.0.1.tgz",
					"integrity": "sha512-RwNA9Z/7PrK06rYLIzFMlaF+l73iwpzsqRIFgbMLbTcLD6cOao82TaWefPXQvB2fOC4AjuYSEndS7N/mTCbkdQ=="
				}
			}
		},
		"serve-static": {
			"version": "1.15.0",
			"resolved": "https://registry.npmmirror.com/serve-static/-/serve-static-1.15.0.tgz",
			"integrity": "sha512-XGuRDNjXUijsUL0vl6nSD7cwURuzEgglbOaFuZM9g3kwDXOWVTck0jLzjPzGD+TazWbboZYu52/9/XPdUgne9g==",
			"requires": {
				"encodeurl": "~1.0.2",
				"escape-html": "~1.0.3",
				"parseurl": "~1.3.3",
				"send": "0.18.0"
			}
		},
		"setprototypeof": {
			"version": "1.2.0",
			"resolved": "https://registry.npmmirror.com/setprototypeof/-/setprototypeof-1.2.0.tgz",
			"integrity": "sha512-E5LDX7Wrp85Kil5bhZv46j8jOeboKq5JMmYM3gVGdGH8xFpPWXUMsNrlODCrkoxMEeNi/XZIwuRvY4XNwYMJpw=="
		},
		"statuses": {
			"version": "1.5.0",
			"resolved": "https://registry.npmmirror.com/statuses/-/statuses-1.5.0.tgz",
			"integrity": "sha512-OpZ3zP+jT1PI7I8nemJX4AKmAX070ZkYPVWV/AaKTJl+tXCTGyVdC1a4SL8RUQYEwk/f34ZX8UTykN68FwrqAA=="
		},
		"supports-preserve-symlinks-flag": {
			"version": "1.0.0",
			"resolved": "https://registry.npmmirror.com/supports-preserve-symlinks-flag/-/supports-preserve-symlinks-flag-1.0.0.tgz",
			"integrity": "sha512-ot0WnXS9fgdkgIcePe6RHNk1WA8+muPa6cSjeR3V8K27q9BB1rTE3R1p7Hv0z1ZyAc8s6Vvv8DIyWf681MAt0w=="
		},
		"toidentifier": {
			"version": "1.0.1",
			"resolved": "https://registry.npmmirror.com/toidentifier/-/toidentifier-1.0.1.tgz",
			"integrity": "sha512-o5sSPKEkg/DIQNmH43V0/uerLrpzVedkUh8tGNvaeXpfpuwjKenlSox/2O/BTlZUtEe+JG7s5YhEz608PlAHRA=="
		},
		"unpipe": {
			"version": "1.0.0",
			"resolved": "https://registry.npmmirror.com/unpipe/-/unpipe-1.0.0.tgz",
			"integrity": "sha512-pjy2bYhSsufwWlKwPc+l3cN7+wuJlK6uz0YdJEOlQDbl6jo/YlPi4mb8agUkVC8BF7V8NuzeyPNqRksA3hztKQ=="
		},
		"utils-merge": {
			"version": "1.0.1",
			"resolved": "https://registry.npmmirror.com/utils-merge/-/utils-merge-1.0.1.tgz",
			"integrity": "sha512-pMZTvIkT1d+TFGvDOqodOclx0QWkkgi6Tdoa8gC8ffGAAqz9pzPTZWAybbsHHoED/ztMtkv/VoYTYyShUn81hA=="
		}
	}
}
